
Microsoft Visual Studio Solution File, Format Version 12.00
# Visual Studio Version 17
VisualStudioVersion = 17.12.35514.174 d17.12
MinimumVisualStudioVersion = 10.0.40219.1
Project("{FAE04EC0-301F-11D3-BF4B-00C04F79EFBC}") = "PromiseGroupTask", "PromiseGroupTask\PromiseGroupTask.csproj", "{E0D56B60-59BB-45C0-9848-EFBF55C8FE32}"
EndProject
Project("{FAE04EC0-301F-11D3-BF4B-00C04F79EFBC}") = "ApiClient", "ApiClient\ApiClient.csproj", "{FE155656-A47F-47D5-AE8C-F7B2FDC8B9E8}"
EndProject
Project("{FAE04EC0-301F-11D3-BF4B-00C04F79EFBC}") = "TaskTestsNUnit", "TaskTestsNUnit\TaskTestsNUnit.csproj", "{70BEB5D0-B59B-40FF-B407-F331D25E1ACA}"
EndProject
Global
	GlobalSection(SolutionConfigurationPlatforms) = preSolution
		Debug|Any CPU = Debug|Any CPU
		Release|Any CPU = Release|Any CPU
	EndGlobalSection
	GlobalSection(ProjectConfigurationPlatforms) = postSolution
		{E0D56B60-59BB-45C0-9848-EFBF55C8FE32}.Debug|Any CPU.ActiveCfg = Debug|Any CPU
		{E0D56B60-59BB-45C0-9848-EFBF55C8FE32}.Debug|Any CPU.Build.0 = Debug|Any CPU
		{E0D56B60-59BB-45C0-9848-EFBF55C8FE32}.Release|Any CPU.ActiveCfg = Release|Any CPU
		{E0D56B60-59BB-45C0-9848-EFBF55C8FE32}.Release|Any CPU.Build.0 = Release|Any CPU
		{FE155656-A47F-47D5-AE8C-F7B2FDC8B9E8}.Debug|Any CPU.ActiveCfg = Debug|Any CPU
		{FE155656-A47F-47D5-AE8C-F7B2FDC8B9E8}.Debug|Any CPU.Build.0 = Debug|Any CPU
		{FE155656-A47F-47D5-AE8C-F7B2FDC8B9E8}.Release|Any CPU.ActiveCfg = Release|Any CPU
		{FE155656-A47F-47D5-AE8C-F7B2FDC8B9E8}.Release|Any CPU.Build.0 = Release|Any CPU
		{70BEB5D0-B59B-40FF-B407-F331D25E1ACA}.Debug|Any CPU.ActiveCfg = Debug|Any CPU
		{70BEB5D0-B59B-40FF-B407-F331D25E1ACA}.Debug|Any CPU.Build.0 = Debug|Any CPU
		{70BEB5D0-B59B-40FF-B407-F331D25E1ACA}.Release|Any CPU.ActiveCfg = Release|Any CPU
		{70BEB5D0-B59B-40FF-B407-F331D25E1ACA}.Release|Any CPU.Build.0 = Release|Any CPU
	EndGlobalSection
	GlobalSection(SolutionProperties) = preSolution
		HideSolutionNode = FALSE
	EndGlobalSection
EndGlobal
